
Microsoft Visual Studio Solution File, Format Version 12.00
# Visual Studio 15
VisualStudioVersion = 15.0.26403.0
MinimumVisualStudioVersion = 10.0.40219.1
Project("{FAE04EC0-301F-11D3-BF4B-00C04F79EFBC}") = "Submission03_Inventory", "CatatPengeluaran\CatatPengeluaran.Android\Submission03_Inventory.csproj", "{B93ED1FA-8D5D-4DA5-8DF7-98A69639C844}"
EndProject
Project("{FAE04EC0-301F-11D3-BF4B-00C04F79EFBC}") = "CatatPengeluaran", "CatatPengeluaran\CatatPengeluaran\CatatPengeluaran.csproj", "{69DAAB1A-5EB5-4117-98EC-BE1DE8015851}"
EndProject
Project("{FAE04EC0-301F-11D3-BF4B-00C04F79EFBC}") = "CatatPengeluaran.UWP", "CatatPengeluaran\CatatPengeluaran.UWP\CatatPengeluaran.UWP.csproj", "{D29D59FA-4F39-4086-BBC4-2628796B5539}"
EndProject
Project("{FAE04EC0-301F-11D3-BF4B-00C04F79EFBC}") = "CatatPengeluaran.iOS", "CatatPengeluaran\CatatPengeluaran.iOS\CatatPengeluaran.iOS.csproj", "{511F1FC2-35E4-4DE9-BBC7-D633036973FE}"
EndProject
Global
	GlobalSection(SolutionConfigurationPlatforms) = preSolution
		Ad-Hoc|Any CPU = Ad-Hoc|Any CPU
		Ad-Hoc|ARM = Ad-Hoc|ARM
		Ad-Hoc|iPhone = Ad-Hoc|iPhone
		Ad-Hoc|iPhoneSimulator = Ad-Hoc|iPhoneSimulator
		Ad-Hoc|x64 = Ad-Hoc|x64
		Ad-Hoc|x86 = Ad-Hoc|x86
		AppStore|Any CPU = AppStore|Any CPU
		AppStore|ARM = AppStore|ARM
		AppStore|iPhone = AppStore|iPhone
		AppStore|iPhoneSimulator = AppStore|iPhoneSimulator
		AppStore|x64 = AppStore|x64
		AppStore|x86 = AppStore|x86
		Debug|Any CPU = Debug|Any CPU
		Debug|ARM = Debug|ARM
		Debug|iPhone = Debug|iPhone
		Debug|iPhoneSimulator = Debug|iPhoneSimulator
		Debug|x64 = Debug|x64
		Debug|x86 = Debug|x86
		Release|Any CPU = Release|Any CPU
		Release|ARM = Release|ARM
		Release|iPhone = Release|iPhone
		Release|iPhoneSimulator = Release|iPhoneSimulator
		Release|x64 = Release|x64
		Release|x86 = Release|x86
	EndGlobalSection
	GlobalSection(ProjectConfigurationPlatforms) = postSolution
		{B93ED1FA-8D5D-4DA5-8DF7-98A69639C844}.Ad-Hoc|Any CPU.ActiveCfg = Release|Any CPU
		{B93ED1FA-8D5D-4DA5-8DF7-98A69639C844}.Ad-Hoc|Any CPU.Build.0 = Release|Any CPU
		{B93ED1FA-8D5D-4DA5-8DF7-98A69639C844}.Ad-Hoc|Any CPU.Deploy.0 = Release|Any CPU
		{B93ED1FA-8D5D-4DA5-8DF7-98A69639C844}.Ad-Hoc|ARM.ActiveCfg = Release|Any CPU
		{B93ED1FA-8D5D-4DA5-8DF7-98A69639C844}.Ad-Hoc|ARM.Build.0 = Release|Any CPU
		{B93ED1FA-8D5D-4DA5-8DF7-98A69639C844}.Ad-Hoc|ARM.Deploy.0 = Release|Any CPU
		{B93ED1FA-8D5D-4DA5-8DF7-98A69639C844}.Ad-Hoc|iPhone.ActiveCfg = Release|Any CPU
		{B93ED1FA-8D5D-4DA5-8DF7-98A69639C844}.Ad-Hoc|iPhone.Build.0 = Release|Any CPU
		{B93ED1FA-8D5D-4DA5-8DF7-98A69639C844}.Ad-Hoc|iPhone.Deploy.0 = Release|Any CPU
		{B93ED1FA-8D5D-4DA5-8DF7-98A69639C844}.Ad-Hoc|iPhoneSimulator.ActiveCfg = Release|Any CPU
		{B93ED1FA-8D5D-4DA5-8DF7-98A69639C844}.Ad-Hoc|iPhoneSimulator.Build.0 = Release|Any CPU
		{B93ED1FA-8D5D-4DA5-8DF7-98A69639C844}.Ad-Hoc|iPhoneSimulator.Deploy.0 = Release|Any CPU
		{B93ED1FA-8D5D-4DA5-8DF7-98A69639C844}.Ad-Hoc|x64.ActiveCfg = Release|Any CPU
		{B93ED1FA-8D5D-4DA5-8DF7-98A69639C844}.Ad-Hoc|x64.Build.0 = Release|Any CPU
		{B93ED1FA-8D5D-4DA5-8DF7-98A69639C844}.Ad-Hoc|x64.Deploy.0 = Release|Any CPU
		{B93ED1FA-8D5D-4DA5-8DF7-98A69639C844}.Ad-Hoc|x86.ActiveCfg = Release|Any CPU
		{B93ED1FA-8D5D-4DA5-8DF7-98A69639C844}.Ad-Hoc|x86.Build.0 = Release|Any CPU
		{B93ED1FA-8D5D-4DA5-8DF7-98A69639C844}.Ad-Hoc|x86.Deploy.0 = Release|Any CPU
		{B93ED1FA-8D5D-4DA5-8DF7-98A69639C844}.AppStore|Any CPU.ActiveCfg = Release|Any CPU
		{B93ED1FA-8D5D-4DA5-8DF7-98A69639C844}.AppStore|Any CPU.Build.0 = Release|Any CPU
		{B93ED1FA-8D5D-4DA5-8DF7-98A69639C844}.AppStore|Any CPU.Deploy.0 = Release|Any CPU
		{B93ED1FA-8D5D-4DA5-8DF7-98A69639C844}.AppStore|ARM.ActiveCfg = Release|Any CPU
		{B93ED1FA-8D5D-4DA5-8DF7-98A69639C844}.AppStore|ARM.Build.0 = Release|Any CPU
		{B93ED1FA-8D5D-4DA5-8DF7-98A69639C844}.AppStore|ARM.Deploy.0 = Release|Any CPU
		{B93ED1FA-8D5D-4DA5-8DF7-98A69639C844}.AppStore|iPhone.ActiveCfg = Release|Any CPU
		{B93ED1FA-8D5D-4DA5-8DF7-98A69639C844}.AppStore|iPhone.Build.0 = Release|Any CPU
		{B93ED1FA-8D5D-4DA5-8DF7-98A69639C844}.AppStore|iPhone.Deploy.0 = Release|Any CPU
		{B93ED1FA-8D5D-4DA5-8DF7-98A69639C844}.AppStore|iPhoneSimulator.ActiveCfg = Release|Any CPU
		{B93ED1FA-8D5D-4DA5-8DF7-98A69639C844}.AppStore|iPhoneSimulator.Build.0 = Release|Any CPU
		{B93ED1FA-8D5D-4DA5-8DF7-98A69639C844}.AppStore|iPhoneSimulator.Deploy.0 = Release|Any CPU
		{B93ED1FA-8D5D-4DA5-8DF7-98A69639C844}.AppStore|x64.ActiveCfg = Release|Any CPU
		{B93ED1FA-8D5D-4DA5-8DF7-98A69639C844}.AppStore|x64.Build.0 = Release|Any CPU
		{B93ED1FA-8D5D-4DA5-8DF7-98A69639C844}.AppStore|x64.Deploy.0 = Release|Any CPU
		{B93ED1FA-8D5D-4DA5-8DF7-98A69639C844}.AppStore|x86.ActiveCfg = Release|Any CPU
		{B93ED1FA-8D5D-4DA5-8DF7-98A69639C844}.AppStore|x86.Build.0 = Release|Any CPU
		{B93ED1FA-8D5D-4DA5-8DF7-98A69639C844}.AppStore|x86.Deploy.0 = Release|Any CPU
		{B93ED1FA-8D5D-4DA5-8DF7-98A69639C844}.Debug|Any CPU.ActiveCfg = Debug|Any CPU
		{B93ED1FA-8D5D-4DA5-8DF7-98A69639C844}.Debug|Any CPU.Build.0 = Debug|Any CPU
		{B93ED1FA-8D5D-4DA5-8DF7-98A69639C844}.Debug|Any CPU.Deploy.0 = Debug|Any CPU
		{B93ED1FA-8D5D-4DA5-8DF7-98A69639C844}.Debug|ARM.ActiveCfg = Debug|Any CPU
		{B93ED1FA-8D5D-4DA5-8DF7-98A69639C844}.Debug|ARM.Build.0 = Debug|Any CPU
		{B93ED1FA-8D5D-4DA5-8DF7-98A69639C844}.Debug|ARM.Deploy.0 = Debug|Any CPU
		{B93ED1FA-8D5D-4DA5-8DF7-98A69639C844}.Debug|iPhone.ActiveCfg = Debug|Any CPU
		{B93ED1FA-8D5D-4DA5-8DF7-98A69639C844}.Debug|iPhone.Build.0 = Debug|Any CPU
		{B93ED1FA-8D5D-4DA5-8DF7-98A69639C844}.Debug|iPhone.Deploy.0 = Debug|Any CPU
		{B93ED1FA-8D5D-4DA5-8DF7-98A69639C844}.Debug|iPhoneSimulator.ActiveCfg = Debug|Any CPU
		{B93ED1FA-8D5D-4DA5-8DF7-98A69639C844}.Debug|iPhoneSimulator.Build.0 = Debug|Any CPU
		{B93ED1FA-8D5D-4DA5-8DF7-98A69639C844}.Debug|iPhoneSimulator.Deploy.0 = Debug|Any CPU
		{B93ED1FA-8D5D-4DA5-8DF7-98A69639C844}.Debug|x64.ActiveCfg = Debug|Any CPU
		{B93ED1FA-8D5D-4DA5-8DF7-98A69639C844}.Debug|x64.Build.0 = Debug|Any CPU
		{B93ED1FA-8D5D-4DA5-8DF7-98A69639C844}.Debug|x64.Deploy.0 = Debug|Any CPU
		{B93ED1FA-8D5D-4DA5-8DF7-98A69639C844}.Debug|x86.ActiveCfg = Debug|Any CPU
		{B93ED1FA-8D5D-4DA5-8DF7-98A69639C844}.Debug|x86.Build.0 = Debug|Any CPU
		{B93ED1FA-8D5D-4DA5-8DF7-98A69639C844}.Debug|x86.Deploy.0 = Debug|Any CPU
		{B93ED1FA-8D5D-4DA5-8DF7-98A69639C844}.Release|Any CPU.ActiveCfg = Release|Any CPU
		{B93ED1FA-8D5D-4DA5-8DF7-98A69639C844}.Release|Any CPU.Build.0 = Release|Any CPU
		{B93ED1FA-8D5D-4DA5-8DF7-98A69639C844}.Release|Any CPU.Deploy.0 = Release|Any CPU
		{B93ED1FA-8D5D-4DA5-8DF7-98A69639C844}.Release|ARM.ActiveCfg = Release|Any CPU
		{B93ED1FA-8D5D-4DA5-8DF7-98A69639C844}.Release|ARM.Build.0 = Release|Any CPU
		{B93ED1FA-8D5D-4DA5-8DF7-98A69639C844}.Release|ARM.Deploy.0 = Release|Any CPU
		{B93ED1FA-8D5D-4DA5-8DF7-98A69639C844}.Release|iPhone.ActiveCfg = Release|Any CPU
		{B93ED1FA-8D5D-4DA5-8DF7-98A69639C844}.Release|iPhone.Build.0 = Release|Any CPU
		{B93ED1FA-8D5D-4DA5-8DF7-98A69639C844}.Release|iPhone.Deploy.0 = Release|Any CPU
		{B93ED1FA-8D5D-4DA5-8DF7-98A69639C844}.Release|iPhoneSimulator.ActiveCfg = Release|Any CPU
		{B93ED1FA-8D5D-4DA5-8DF7-98A69639C844}.Release|iPhoneSimulator.Build.0 = Release|Any CPU
		{B93ED1FA-8D5D-4DA5-8DF7-98A69639C844}.Release|iPhoneSimulator.Deploy.0 = Release|Any CPU
		{B93ED1FA-8D5D-4DA5-8DF7-98A69639C844}.Release|x64.ActiveCfg = Release|Any CPU
		{B93ED1FA-8D5D-4DA5-8DF7-98A69639C844}.Release|x64.Build.0 = Release|Any CPU
		{B93ED1FA-8D5D-4DA5-8DF7-98A69639C844}.Release|x64.Deploy.0 = Release|Any CPU
		{B93ED1FA-8D5D-4DA5-8DF7-98A69639C844}.Release|x86.ActiveCfg = Release|Any CPU
		{B93ED1FA-8D5D-4DA5-8DF7-98A69639C844}.Release|x86.Build.0 = Release|Any CPU
		{B93ED1FA-8D5D-4DA5-8DF7-98A69639C844}.Release|x86.Deploy.0 = Release|Any CPU
		{69DAAB1A-5EB5-4117-98EC-BE1DE8015851}.Ad-Hoc|Any CPU.ActiveCfg = Release|Any CPU
		{69DAAB1A-5EB5-4117-98EC-BE1DE8015851}.Ad-Hoc|Any CPU.Build.0 = Release|Any CPU
		{69DAAB1A-5EB5-4117-98EC-BE1DE8015851}.Ad-Hoc|ARM.ActiveCfg = Release|Any CPU
		{69DAAB1A-5EB5-4117-98EC-BE1DE8015851}.Ad-Hoc|ARM.Build.0 = Release|Any CPU
		{69DAAB1A-5EB5-4117-98EC-BE1DE8015851}.Ad-Hoc|iPhone.ActiveCfg = Release|Any CPU
		{69DAAB1A-5EB5-4117-98EC-BE1DE8015851}.Ad-Hoc|iPhone.Build.0 = Release|Any CPU
		{69DAAB1A-5EB5-4117-98EC-BE1DE8015851}.Ad-Hoc|iPhoneSimulator.ActiveCfg = Release|Any CPU
		{69DAAB1A-5EB5-4117-98EC-BE1DE8015851}.Ad-Hoc|iPhoneSimulator.Build.0 = Release|Any CPU
		{69DAAB1A-5EB5-4117-98EC-BE1DE8015851}.Ad-Hoc|x64.ActiveCfg = Release|Any CPU
		{69DAAB1A-5EB5-4117-98EC-BE1DE8015851}.Ad-Hoc|x64.Build.0 = Release|Any CPU
		{69DAAB1A-5EB5-4117-98EC-BE1DE8015851}.Ad-Hoc|x86.ActiveCfg = Release|Any CPU
		{69DAAB1A-5EB5-4117-98EC-BE1DE8015851}.Ad-Hoc|x86.Build.0 = Release|Any CPU
		{69DAAB1A-5EB5-4117-98EC-BE1DE8015851}.AppStore|Any CPU.ActiveCfg = Release|Any CPU
		{69DAAB1A-5EB5-4117-98EC-BE1DE8015851}.AppStore|Any CPU.Build.0 = Release|Any CPU
		{69DAAB1A-5EB5-4117-98EC-BE1DE8015851}.AppStore|ARM.ActiveCfg = Release|Any CPU
		{69DAAB1A-5EB5-4117-98EC-BE1DE8015851}.AppStore|ARM.Build.0 = Release|Any CPU
		{69DAAB1A-5EB5-4117-98EC-BE1DE8015851}.AppStore|iPhone.ActiveCfg = Release|Any CPU
		{69DAAB1A-5EB5-4117-98EC-BE1DE8015851}.AppStore|iPhone.Build.0 = Release|Any CPU
		{69DAAB1A-5EB5-4117-98EC-BE1DE8015851}.AppStore|iPhoneSimulator.ActiveCfg = Release|Any CPU
		{69DAAB1A-5EB5-4117-98EC-BE1DE8015851}.AppStore|iPhoneSimulator.Build.0 = Release|Any CPU
		{69DAAB1A-5EB5-4117-98EC-BE1DE8015851}.AppStore|x64.ActiveCfg = Release|Any CPU
		{69DAAB1A-5EB5-4117-98EC-BE1DE8015851}.AppStore|x64.Build.0 = Release|Any CPU
		{69DAAB1A-5EB5-4117-98EC-BE1DE8015851}.AppStore|x86.ActiveCfg = Release|Any CPU
		{69DAAB1A-5EB5-4117-98EC-BE1DE8015851}.AppStore|x86.Build.0 = Release|Any CPU
		{69DAAB1A-5EB5-4117-98EC-BE1DE8015851}.Debug|Any CPU.ActiveCfg = Debug|Any CPU
		{69DAAB1A-5EB5-4117-98EC-BE1DE8015851}.Debug|Any CPU.Build.0 = Debug|Any CPU
		{69DAAB1A-5EB5-4117-98EC-BE1DE8015851}.Debug|ARM.ActiveCfg = Debug|Any CPU
		{69DAAB1A-5EB5-4117-98EC-BE1DE8015851}.Debug|ARM.Build.0 = Debug|Any CPU
		{69DAAB1A-5EB5-4117-98EC-BE1DE8015851}.Debug|iPhone.ActiveCfg = Debug|Any CPU
		{69DAAB1A-5EB5-4117-98EC-BE1DE8015851}.Debug|iPhone.Build.0 = Debug|Any CPU
		{69DAAB1A-5EB5-4117-98EC-BE1DE8015851}.Debug|iPhoneSimulator.ActiveCfg = Debug|Any CPU
		{69DAAB1A-5EB5-4117-98EC-BE1DE8015851}.Debug|iPhoneSimulator.Build.0 = Debug|Any CPU
		{69DAAB1A-5EB5-4117-98EC-BE1DE8015851}.Debug|x64.ActiveCfg = Debug|Any CPU
		{69DAAB1A-5EB5-4117-98EC-BE1DE8015851}.Debug|x64.Build.0 = Debug|Any CPU
		{69DAAB1A-5EB5-4117-98EC-BE1DE8015851}.Debug|x86.ActiveCfg = Debug|Any CPU
		{69DAAB1A-5EB5-4117-98EC-BE1DE8015851}.Debug|x86.Build.0 = Debug|Any CPU
		{69DAAB1A-5EB5-4117-98EC-BE1DE8015851}.Release|Any CPU.ActiveCfg = Release|Any CPU
		{69DAAB1A-5EB5-4117-98EC-BE1DE8015851}.Release|Any CPU.Build.0 = Release|Any CPU
		{69DAAB1A-5EB5-4117-98EC-BE1DE8015851}.Release|ARM.ActiveCfg = Release|Any CPU
		{69DAAB1A-5EB5-4117-98EC-BE1DE8015851}.Release|ARM.Build.0 = Release|Any CPU
		{69DAAB1A-5EB5-4117-98EC-BE1DE8015851}.Release|iPhone.ActiveCfg = Release|Any CPU
		{69DAAB1A-5EB5-4117-98EC-BE1DE8015851}.Release|iPhone.Build.0 = Release|Any CPU
		{69DAAB1A-5EB5-4117-98EC-BE1DE8015851}.Release|iPhoneSimulator.ActiveCfg = Release|Any CPU
		{69DAAB1A-5EB5-4117-98EC-BE1DE8015851}.Release|iPhoneSimulator.Build.0 = Release|Any CPU
		{69DAAB1A-5EB5-4117-98EC-BE1DE8015851}.Release|x64.ActiveCfg = Release|Any CPU
		{69DAAB1A-5EB5-4117-98EC-BE1DE8015851}.Release|x64.Build.0 = Release|Any CPU
		{69DAAB1A-5EB5-4117-98EC-BE1DE8015851}.Release|x86.ActiveCfg = Release|Any CPU
		{69DAAB1A-5EB5-4117-98EC-BE1DE8015851}.Release|x86.Build.0 = Release|Any CPU
		{D29D59FA-4F39-4086-BBC4-2628796B5539}.Ad-Hoc|Any CPU.ActiveCfg = Release|x86
		{D29D59FA-4F39-4086-BBC4-2628796B5539}.Ad-Hoc|Any CPU.Build.0 = Release|x86
		{D29D59FA-4F39-4086-BBC4-2628796B5539}.Ad-Hoc|Any CPU.Deploy.0 = Release|x86
		{D29D59FA-4F39-4086-BBC4-2628796B5539}.Ad-Hoc|ARM.ActiveCfg = Release|ARM
		{D29D59FA-4F39-4086-BBC4-2628796B5539}.Ad-Hoc|ARM.Build.0 = Release|ARM
		{D29D59FA-4F39-4086-BBC4-2628796B5539}.Ad-Hoc|ARM.Deploy.0 = Release|ARM
		{D29D59FA-4F39-4086-BBC4-2628796B5539}.Ad-Hoc|iPhone.ActiveCfg = Release|x86
		{D29D59FA-4F39-4086-BBC4-2628796B5539}.Ad-Hoc|iPhone.Build.0 = Release|x86
		{D29D59FA-4F39-4086-BBC4-2628796B5539}.Ad-Hoc|iPhone.Deploy.0 = Release|x86
		{D29D59FA-4F39-4086-BBC4-2628796B5539}.Ad-Hoc|iPhoneSimulator.ActiveCfg = Release|x86
		{D29D59FA-4F39-4086-BBC4-2628796B5539}.Ad-Hoc|iPhoneSimulator.Build.0 = Release|x86
		{D29D59FA-4F39-4086-BBC4-2628796B5539}.Ad-Hoc|iPhoneSimulator.Deploy.0 = Release|x86
		{D29D59FA-4F39-4086-BBC4-2628796B5539}.Ad-Hoc|x64.ActiveCfg = Release|x64
		{D29D59FA-4F39-4086-BBC4-2628796B5539}.Ad-Hoc|x64.Build.0 = Release|x64
		{D29D59FA-4F39-4086-BBC4-2628796B5539}.Ad-Hoc|x64.Deploy.0 = Release|x64
		{D29D59FA-4F39-4086-BBC4-2628796B5539}.Ad-Hoc|x86.ActiveCfg = Release|x86
		{D29D59FA-4F39-4086-BBC4-2628796B5539}.Ad-Hoc|x86.Build.0 = Release|x86
		{D29D59FA-4F39-4086-BBC4-2628796B5539}.Ad-Hoc|x86.Deploy.0 = Release|x86
		{D29D59FA-4F39-4086-BBC4-2628796B5539}.AppStore|Any CPU.ActiveCfg = Release|x86
		{D29D59FA-4F39-4086-BBC4-2628796B5539}.AppStore|Any CPU.Build.0 = Release|x86
		{D29D59FA-4F39-4086-BBC4-2628796B5539}.AppStore|Any CPU.Deploy.0 = Release|x86
		{D29D59FA-4F39-4086-BBC4-2628796B5539}.AppStore|ARM.ActiveCfg = Release|ARM
		{D29D59FA-4F39-4086-BBC4-2628796B5539}.AppStore|ARM.Build.0 = Release|ARM
		{D29D59FA-4F39-4086-BBC4-2628796B5539}.AppStore|ARM.Deploy.0 = Release|ARM
		{D29D59FA-4F39-4086-BBC4-2628796B5539}.AppStore|iPhone.ActiveCfg = Release|x86
		{D29D59FA-4F39-4086-BBC4-2628796B5539}.AppStore|iPhone.Build.0 = Release|x86
		{D29D59FA-4F39-4086-BBC4-2628796B5539}.AppStore|iPhone.Deploy.0 = Release|x86
		{D29D59FA-4F39-4086-BBC4-2628796B5539}.AppStore|iPhoneSimulator.ActiveCfg = Release|x86
		{D29D59FA-4F39-4086-BBC4-2628796B5539}.AppStore|iPhoneSimulator.Build.0 = Release|x86
		{D29D59FA-4F39-4086-BBC4-2628796B5539}.AppStore|iPhoneSimulator.Deploy.0 = Release|x86
		{D29D59FA-4F39-4086-BBC4-2628796B5539}.AppStore|x64.ActiveCfg = Release|x64
		{D29D59FA-4F39-4086-BBC4-2628796B5539}.AppStore|x64.Build.0 = Release|x64
		{D29D59FA-4F39-4086-BBC4-2628796B5539}.AppStore|x64.Deploy.0 = Release|x64
		{D29D59FA-4F39-4086-BBC4-2628796B5539}.AppStore|x86.ActiveCfg = Release|x86
		{D29D59FA-4F39-4086-BBC4-2628796B5539}.AppStore|x86.Build.0 = Release|x86
		{D29D59FA-4F39-4086-BBC4-2628796B5539}.AppStore|x86.Deploy.0 = Release|x86
		{D29D59FA-4F39-4086-BBC4-2628796B5539}.Debug|Any CPU.ActiveCfg = Debug|x86
		{D29D59FA-4F39-4086-BBC4-2628796B5539}.Debug|ARM.ActiveCfg = Debug|ARM
		{D29D59FA-4F39-4086-BBC4-2628796B5539}.Debug|ARM.Build.0 = Debug|ARM
		{D29D59FA-4F39-4086-BBC4-2628796B5539}.Debug|ARM.Deploy.0 = Debug|ARM
		{D29D59FA-4F39-4086-BBC4-2628796B5539}.Debug|iPhone.ActiveCfg = Debug|x86
		{D29D59FA-4F39-4086-BBC4-2628796B5539}.Debug|iPhoneSimulator.ActiveCfg = Debug|x86
		{D29D59FA-4F39-4086-BBC4-2628796B5539}.Debug|x64.ActiveCfg = Debug|x64
		{D29D59FA-4F39-4086-BBC4-2628796B5539}.Debug|x64.Build.0 = Debug|x64
		{D29D59FA-4F39-4086-BBC4-2628796B5539}.Debug|x64.Deploy.0 = Debug|x64
		{D29D59FA-4F39-4086-BBC4-2628796B5539}.Debug|x86.ActiveCfg = Debug|x86
		{D29D59FA-4F39-4086-BBC4-2628796B5539}.Debug|x86.Build.0 = Debug|x86
		{D29D59FA-4F39-4086-BBC4-2628796B5539}.Debug|x86.Deploy.0 = Debug|x86
		{D29D59FA-4F39-4086-BBC4-2628796B5539}.Release|Any CPU.ActiveCfg = Release|x86
		{D29D59FA-4F39-4086-BBC4-2628796B5539}.Release|ARM.ActiveCfg = Release|ARM
		{D29D59FA-4F39-4086-BBC4-2628796B5539}.Release|ARM.Build.0 = Release|ARM
		{D29D59FA-4F39-4086-BBC4-2628796B5539}.Release|ARM.Deploy.0 = Release|ARM
		{D29D59FA-4F39-4086-BBC4-2628796B5539}.Release|iPhone.ActiveCfg = Release|x86
		{D29D59FA-4F39-4086-BBC4-2628796B5539}.Release|iPhoneSimulator.ActiveCfg = Release|x86
		{D29D59FA-4F39-4086-BBC4-2628796B5539}.Release|x64.ActiveCfg = Release|x64
		{D29D59FA-4F39-4086-BBC4-2628796B5539}.Release|x64.Build.0 = Release|x64
		{D29D59FA-4F39-4086-BBC4-2628796B5539}.Release|x64.Deploy.0 = Release|x64
		{D29D59FA-4F39-4086-BBC4-2628796B5539}.Release|x86.ActiveCfg = Release|x86
		{D29D59FA-4F39-4086-BBC4-2628796B5539}.Release|x86.Build.0 = Release|x86
		{D29D59FA-4F39-4086-BBC4-2628796B5539}.Release|x86.Deploy.0 = Release|x86
		{511F1FC2-35E4-4DE9-BBC7-D633036973FE}.Ad-Hoc|Any CPU.ActiveCfg = Ad-Hoc|iPhone
		{511F1FC2-35E4-4DE9-BBC7-D633036973FE}.Ad-Hoc|ARM.ActiveCfg = Ad-Hoc|iPhone
		{511F1FC2-35E4-4DE9-BBC7-D633036973FE}.Ad-Hoc|iPhone.ActiveCfg = Ad-Hoc|iPhone
		{511F1FC2-35E4-4DE9-BBC7-D633036973FE}.Ad-Hoc|iPhone.Build.0 = Ad-Hoc|iPhone
		{511F1FC2-35E4-4DE9-BBC7-D633036973FE}.Ad-Hoc|iPhoneSimulator.ActiveCfg = Ad-Hoc|iPhoneSimulator
		{511F1FC2-35E4-4DE9-BBC7-D633036973FE}.Ad-Hoc|iPhoneSimulator.Build.0 = Ad-Hoc|iPhoneSimulator
		{511F1FC2-35E4-4DE9-BBC7-D633036973FE}.Ad-Hoc|x64.ActiveCfg = Ad-Hoc|iPhone
		{511F1FC2-35E4-4DE9-BBC7-D633036973FE}.Ad-Hoc|x86.ActiveCfg = Ad-Hoc|iPhone
		{511F1FC2-35E4-4DE9-BBC7-D633036973FE}.AppStore|Any CPU.ActiveCfg = AppStore|iPhone
		{511F1FC2-35E4-4DE9-BBC7-D633036973FE}.AppStore|ARM.ActiveCfg = AppStore|iPhone
		{511F1FC2-35E4-4DE9-BBC7-D633036973FE}.AppStore|iPhone.ActiveCfg = AppStore|iPhone
		{511F1FC2-35E4-4DE9-BBC7-D633036973FE}.AppStore|iPhone.Build.0 = AppStore|iPhone
		{511F1FC2-35E4-4DE9-BBC7-D633036973FE}.AppStore|iPhoneSimulator.ActiveCfg = AppStore|iPhoneSimulator
		{511F1FC2-35E4-4DE9-BBC7-D633036973FE}.AppStore|iPhoneSimulator.Build.0 = AppStore|iPhoneSimulator
		{511F1FC2-35E4-4DE9-BBC7-D633036973FE}.AppStore|x64.ActiveCfg = AppStore|iPhone
		{511F1FC2-35E4-4DE9-BBC7-D633036973FE}.AppStore|x86.ActiveCfg = AppStore|iPhone
		{511F1FC2-35E4-4DE9-BBC7-D633036973FE}.Debug|Any CPU.ActiveCfg = Debug|iPhone
		{511F1FC2-35E4-4DE9-BBC7-D633036973FE}.Debug|ARM.ActiveCfg = Debug|iPhone
		{511F1FC2-35E4-4DE9-BBC7-D633036973FE}.Debug|iPhone.ActiveCfg = Debug|iPhone
		{511F1FC2-35E4-4DE9-BBC7-D633036973FE}.Debug|iPhone.Build.0 = Debug|iPhone
		{511F1FC2-35E4-4DE9-BBC7-D633036973FE}.Debug|iPhoneSimulator.ActiveCfg = Debug|iPhoneSimulator
		{511F1FC2-35E4-4DE9-BBC7-D633036973FE}.Debug|iPhoneSimulator.Build.0 = Debug|iPhoneSimulator
		{511F1FC2-35E4-4DE9-BBC7-D633036973FE}.Debug|x64.ActiveCfg = Debug|iPhone
		{511F1FC2-35E4-4DE9-BBC7-D633036973FE}.Debug|x86.ActiveCfg = Debug|iPhone
		{511F1FC2-35E4-4DE9-BBC7-D633036973FE}.Release|Any CPU.ActiveCfg = Release|iPhone
		{511F1FC2-35E4-4DE9-BBC7-D633036973FE}.Release|ARM.ActiveCfg = Release|iPhone
		{511F1FC2-35E4-4DE9-BBC7-D633036973FE}.Release|iPhone.ActiveCfg = Release|iPhone
		{511F1FC2-35E4-4DE9-BBC7-D633036973FE}.Release|iPhone.Build.0 = Release|iPhone
		{511F1FC2-35E4-4DE9-BBC7-D633036973FE}.Release|iPhoneSimulator.ActiveCfg = Release|iPhoneSimulator
		{511F1FC2-35E4-4DE9-BBC7-D633036973FE}.Release|iPhoneSimulator.Build.0 = Release|iPhoneSimulator
		{511F1FC2-35E4-4DE9-BBC7-D633036973FE}.Release|x64.ActiveCfg = Release|iPhone
		{511F1FC2-35E4-4DE9-BBC7-D633036973FE}.Release|x86.ActiveCfg = Release|iPhone
	EndGlobalSection
	GlobalSection(SolutionProperties) = preSolution
		HideSolutionNode = FALSE
	EndGlobalSection
EndGlobal
