
Microsoft Visual Studio Solution File, Format Version 12.00
# Visual Studio 15
VisualStudioVersion = 15.0.26403.0
MinimumVisualStudioVersion = 10.0.40219.1
Project("{FAE04EC0-301F-11D3-BF4B-00C04F79EFBC}") = "KalkulatorBBI.Android", "KalkulatorBBI\KalkulatorBBI.Android\KalkulatorBBI.Android.csproj", "{44476EF3-35F3-4F64-A642-F306BE4D86DD}"
EndProject
Project("{FAE04EC0-301F-11D3-BF4B-00C04F79EFBC}") = "KalkulatorBBI", "KalkulatorBBI\KalkulatorBBI\KalkulatorBBI.csproj", "{37CA1C17-F9A5-473E-98D1-C2753618B1FA}"
EndProject
Project("{FAE04EC0-301F-11D3-BF4B-00C04F79EFBC}") = "KalkulatorBBI.UWP", "KalkulatorBBI\KalkulatorBBI.UWP\KalkulatorBBI.UWP.csproj", "{A2BA64BE-9C02-4C84-8E12-F230A17493EF}"
EndProject
Project("{FAE04EC0-301F-11D3-BF4B-00C04F79EFBC}") = "KalkulatorBBI.iOS", "KalkulatorBBI\KalkulatorBBI.iOS\KalkulatorBBI.iOS.csproj", "{7C7160D5-B620-4C70-BA74-71D392B6C29C}"
EndProject
Global
	GlobalSection(SolutionConfigurationPlatforms) = preSolution
		Ad-Hoc|Any CPU = Ad-Hoc|Any CPU
		Ad-Hoc|ARM = Ad-Hoc|ARM
		Ad-Hoc|iPhone = Ad-Hoc|iPhone
		Ad-Hoc|iPhoneSimulator = Ad-Hoc|iPhoneSimulator
		Ad-Hoc|x64 = Ad-Hoc|x64
		Ad-Hoc|x86 = Ad-Hoc|x86
		AppStore|Any CPU = AppStore|Any CPU
		AppStore|ARM = AppStore|ARM
		AppStore|iPhone = AppStore|iPhone
		AppStore|iPhoneSimulator = AppStore|iPhoneSimulator
		AppStore|x64 = AppStore|x64
		AppStore|x86 = AppStore|x86
		Debug|Any CPU = Debug|Any CPU
		Debug|ARM = Debug|ARM
		Debug|iPhone = Debug|iPhone
		Debug|iPhoneSimulator = Debug|iPhoneSimulator
		Debug|x64 = Debug|x64
		Debug|x86 = Debug|x86
		Release|Any CPU = Release|Any CPU
		Release|ARM = Release|ARM
		Release|iPhone = Release|iPhone
		Release|iPhoneSimulator = Release|iPhoneSimulator
		Release|x64 = Release|x64
		Release|x86 = Release|x86
	EndGlobalSection
	GlobalSection(ProjectConfigurationPlatforms) = postSolution
		{44476EF3-35F3-4F64-A642-F306BE4D86DD}.Ad-Hoc|Any CPU.ActiveCfg = Release|Any CPU
		{44476EF3-35F3-4F64-A642-F306BE4D86DD}.Ad-Hoc|Any CPU.Build.0 = Release|Any CPU
		{44476EF3-35F3-4F64-A642-F306BE4D86DD}.Ad-Hoc|Any CPU.Deploy.0 = Release|Any CPU
		{44476EF3-35F3-4F64-A642-F306BE4D86DD}.Ad-Hoc|ARM.ActiveCfg = Release|Any CPU
		{44476EF3-35F3-4F64-A642-F306BE4D86DD}.Ad-Hoc|ARM.Build.0 = Release|Any CPU
		{44476EF3-35F3-4F64-A642-F306BE4D86DD}.Ad-Hoc|ARM.Deploy.0 = Release|Any CPU
		{44476EF3-35F3-4F64-A642-F306BE4D86DD}.Ad-Hoc|iPhone.ActiveCfg = Release|Any CPU
		{44476EF3-35F3-4F64-A642-F306BE4D86DD}.Ad-Hoc|iPhone.Build.0 = Release|Any CPU
		{44476EF3-35F3-4F64-A642-F306BE4D86DD}.Ad-Hoc|iPhone.Deploy.0 = Release|Any CPU
		{44476EF3-35F3-4F64-A642-F306BE4D86DD}.Ad-Hoc|iPhoneSimulator.ActiveCfg = Release|Any CPU
		{44476EF3-35F3-4F64-A642-F306BE4D86DD}.Ad-Hoc|iPhoneSimulator.Build.0 = Release|Any CPU
		{44476EF3-35F3-4F64-A642-F306BE4D86DD}.Ad-Hoc|iPhoneSimulator.Deploy.0 = Release|Any CPU
		{44476EF3-35F3-4F64-A642-F306BE4D86DD}.Ad-Hoc|x64.ActiveCfg = Release|Any CPU
		{44476EF3-35F3-4F64-A642-F306BE4D86DD}.Ad-Hoc|x64.Build.0 = Release|Any CPU
		{44476EF3-35F3-4F64-A642-F306BE4D86DD}.Ad-Hoc|x64.Deploy.0 = Release|Any CPU
		{44476EF3-35F3-4F64-A642-F306BE4D86DD}.Ad-Hoc|x86.ActiveCfg = Release|Any CPU
		{44476EF3-35F3-4F64-A642-F306BE4D86DD}.Ad-Hoc|x86.Build.0 = Release|Any CPU
		{44476EF3-35F3-4F64-A642-F306BE4D86DD}.Ad-Hoc|x86.Deploy.0 = Release|Any CPU
		{44476EF3-35F3-4F64-A642-F306BE4D86DD}.AppStore|Any CPU.ActiveCfg = Release|Any CPU
		{44476EF3-35F3-4F64-A642-F306BE4D86DD}.AppStore|Any CPU.Build.0 = Release|Any CPU
		{44476EF3-35F3-4F64-A642-F306BE4D86DD}.AppStore|Any CPU.Deploy.0 = Release|Any CPU
		{44476EF3-35F3-4F64-A642-F306BE4D86DD}.AppStore|ARM.ActiveCfg = Release|Any CPU
		{44476EF3-35F3-4F64-A642-F306BE4D86DD}.AppStore|ARM.Build.0 = Release|Any CPU
		{44476EF3-35F3-4F64-A642-F306BE4D86DD}.AppStore|ARM.Deploy.0 = Release|Any CPU
		{44476EF3-35F3-4F64-A642-F306BE4D86DD}.AppStore|iPhone.ActiveCfg = Release|Any CPU
		{44476EF3-35F3-4F64-A642-F306BE4D86DD}.AppStore|iPhone.Build.0 = Release|Any CPU
		{44476EF3-35F3-4F64-A642-F306BE4D86DD}.AppStore|iPhone.Deploy.0 = Release|Any CPU
		{44476EF3-35F3-4F64-A642-F306BE4D86DD}.AppStore|iPhoneSimulator.ActiveCfg = Release|Any CPU
		{44476EF3-35F3-4F64-A642-F306BE4D86DD}.AppStore|iPhoneSimulator.Build.0 = Release|Any CPU
		{44476EF3-35F3-4F64-A642-F306BE4D86DD}.AppStore|iPhoneSimulator.Deploy.0 = Release|Any CPU
		{44476EF3-35F3-4F64-A642-F306BE4D86DD}.AppStore|x64.ActiveCfg = Release|Any CPU
		{44476EF3-35F3-4F64-A642-F306BE4D86DD}.AppStore|x64.Build.0 = Release|Any CPU
		{44476EF3-35F3-4F64-A642-F306BE4D86DD}.AppStore|x64.Deploy.0 = Release|Any CPU
		{44476EF3-35F3-4F64-A642-F306BE4D86DD}.AppStore|x86.ActiveCfg = Release|Any CPU
		{44476EF3-35F3-4F64-A642-F306BE4D86DD}.AppStore|x86.Build.0 = Release|Any CPU
		{44476EF3-35F3-4F64-A642-F306BE4D86DD}.AppStore|x86.Deploy.0 = Release|Any CPU
		{44476EF3-35F3-4F64-A642-F306BE4D86DD}.Debug|Any CPU.ActiveCfg = Debug|Any CPU
		{44476EF3-35F3-4F64-A642-F306BE4D86DD}.Debug|Any CPU.Build.0 = Debug|Any CPU
		{44476EF3-35F3-4F64-A642-F306BE4D86DD}.Debug|Any CPU.Deploy.0 = Debug|Any CPU
		{44476EF3-35F3-4F64-A642-F306BE4D86DD}.Debug|ARM.ActiveCfg = Debug|Any CPU
		{44476EF3-35F3-4F64-A642-F306BE4D86DD}.Debug|ARM.Build.0 = Debug|Any CPU
		{44476EF3-35F3-4F64-A642-F306BE4D86DD}.Debug|ARM.Deploy.0 = Debug|Any CPU
		{44476EF3-35F3-4F64-A642-F306BE4D86DD}.Debug|iPhone.ActiveCfg = Debug|Any CPU
		{44476EF3-35F3-4F64-A642-F306BE4D86DD}.Debug|iPhone.Build.0 = Debug|Any CPU
		{44476EF3-35F3-4F64-A642-F306BE4D86DD}.Debug|iPhone.Deploy.0 = Debug|Any CPU
		{44476EF3-35F3-4F64-A642-F306BE4D86DD}.Debug|iPhoneSimulator.ActiveCfg = Debug|Any CPU
		{44476EF3-35F3-4F64-A642-F306BE4D86DD}.Debug|iPhoneSimulator.Build.0 = Debug|Any CPU
		{44476EF3-35F3-4F64-A642-F306BE4D86DD}.Debug|iPhoneSimulator.Deploy.0 = Debug|Any CPU
		{44476EF3-35F3-4F64-A642-F306BE4D86DD}.Debug|x64.ActiveCfg = Debug|Any CPU
		{44476EF3-35F3-4F64-A642-F306BE4D86DD}.Debug|x64.Build.0 = Debug|Any CPU
		{44476EF3-35F3-4F64-A642-F306BE4D86DD}.Debug|x64.Deploy.0 = Debug|Any CPU
		{44476EF3-35F3-4F64-A642-F306BE4D86DD}.Debug|x86.ActiveCfg = Debug|Any CPU
		{44476EF3-35F3-4F64-A642-F306BE4D86DD}.Debug|x86.Build.0 = Debug|Any CPU
		{44476EF3-35F3-4F64-A642-F306BE4D86DD}.Debug|x86.Deploy.0 = Debug|Any CPU
		{44476EF3-35F3-4F64-A642-F306BE4D86DD}.Release|Any CPU.ActiveCfg = Release|Any CPU
		{44476EF3-35F3-4F64-A642-F306BE4D86DD}.Release|Any CPU.Build.0 = Release|Any CPU
		{44476EF3-35F3-4F64-A642-F306BE4D86DD}.Release|Any CPU.Deploy.0 = Release|Any CPU
		{44476EF3-35F3-4F64-A642-F306BE4D86DD}.Release|ARM.ActiveCfg = Release|Any CPU
		{44476EF3-35F3-4F64-A642-F306BE4D86DD}.Release|ARM.Build.0 = Release|Any CPU
		{44476EF3-35F3-4F64-A642-F306BE4D86DD}.Release|ARM.Deploy.0 = Release|Any CPU
		{44476EF3-35F3-4F64-A642-F306BE4D86DD}.Release|iPhone.ActiveCfg = Release|Any CPU
		{44476EF3-35F3-4F64-A642-F306BE4D86DD}.Release|iPhone.Build.0 = Release|Any CPU
		{44476EF3-35F3-4F64-A642-F306BE4D86DD}.Release|iPhone.Deploy.0 = Release|Any CPU
		{44476EF3-35F3-4F64-A642-F306BE4D86DD}.Release|iPhoneSimulator.ActiveCfg = Release|Any CPU
		{44476EF3-35F3-4F64-A642-F306BE4D86DD}.Release|iPhoneSimulator.Build.0 = Release|Any CPU
		{44476EF3-35F3-4F64-A642-F306BE4D86DD}.Release|iPhoneSimulator.Deploy.0 = Release|Any CPU
		{44476EF3-35F3-4F64-A642-F306BE4D86DD}.Release|x64.ActiveCfg = Release|Any CPU
		{44476EF3-35F3-4F64-A642-F306BE4D86DD}.Release|x64.Build.0 = Release|Any CPU
		{44476EF3-35F3-4F64-A642-F306BE4D86DD}.Release|x64.Deploy.0 = Release|Any CPU
		{44476EF3-35F3-4F64-A642-F306BE4D86DD}.Release|x86.ActiveCfg = Release|Any CPU
		{44476EF3-35F3-4F64-A642-F306BE4D86DD}.Release|x86.Build.0 = Release|Any CPU
		{44476EF3-35F3-4F64-A642-F306BE4D86DD}.Release|x86.Deploy.0 = Release|Any CPU
		{37CA1C17-F9A5-473E-98D1-C2753618B1FA}.Ad-Hoc|Any CPU.ActiveCfg = Release|Any CPU
		{37CA1C17-F9A5-473E-98D1-C2753618B1FA}.Ad-Hoc|Any CPU.Build.0 = Release|Any CPU
		{37CA1C17-F9A5-473E-98D1-C2753618B1FA}.Ad-Hoc|ARM.ActiveCfg = Release|Any CPU
		{37CA1C17-F9A5-473E-98D1-C2753618B1FA}.Ad-Hoc|ARM.Build.0 = Release|Any CPU
		{37CA1C17-F9A5-473E-98D1-C2753618B1FA}.Ad-Hoc|iPhone.ActiveCfg = Release|Any CPU
		{37CA1C17-F9A5-473E-98D1-C2753618B1FA}.Ad-Hoc|iPhone.Build.0 = Release|Any CPU
		{37CA1C17-F9A5-473E-98D1-C2753618B1FA}.Ad-Hoc|iPhoneSimulator.ActiveCfg = Release|Any CPU
		{37CA1C17-F9A5-473E-98D1-C2753618B1FA}.Ad-Hoc|iPhoneSimulator.Build.0 = Release|Any CPU
		{37CA1C17-F9A5-473E-98D1-C2753618B1FA}.Ad-Hoc|x64.ActiveCfg = Release|Any CPU
		{37CA1C17-F9A5-473E-98D1-C2753618B1FA}.Ad-Hoc|x64.Build.0 = Release|Any CPU
		{37CA1C17-F9A5-473E-98D1-C2753618B1FA}.Ad-Hoc|x86.ActiveCfg = Release|Any CPU
		{37CA1C17-F9A5-473E-98D1-C2753618B1FA}.Ad-Hoc|x86.Build.0 = Release|Any CPU
		{37CA1C17-F9A5-473E-98D1-C2753618B1FA}.AppStore|Any CPU.ActiveCfg = Release|Any CPU
		{37CA1C17-F9A5-473E-98D1-C2753618B1FA}.AppStore|Any CPU.Build.0 = Release|Any CPU
		{37CA1C17-F9A5-473E-98D1-C2753618B1FA}.AppStore|ARM.ActiveCfg = Release|Any CPU
		{37CA1C17-F9A5-473E-98D1-C2753618B1FA}.AppStore|ARM.Build.0 = Release|Any CPU
		{37CA1C17-F9A5-473E-98D1-C2753618B1FA}.AppStore|iPhone.ActiveCfg = Release|Any CPU
		{37CA1C17-F9A5-473E-98D1-C2753618B1FA}.AppStore|iPhone.Build.0 = Release|Any CPU
		{37CA1C17-F9A5-473E-98D1-C2753618B1FA}.AppStore|iPhoneSimulator.ActiveCfg = Release|Any CPU
		{37CA1C17-F9A5-473E-98D1-C2753618B1FA}.AppStore|iPhoneSimulator.Build.0 = Release|Any CPU
		{37CA1C17-F9A5-473E-98D1-C2753618B1FA}.AppStore|x64.ActiveCfg = Release|Any CPU
		{37CA1C17-F9A5-473E-98D1-C2753618B1FA}.AppStore|x64.Build.0 = Release|Any CPU
		{37CA1C17-F9A5-473E-98D1-C2753618B1FA}.AppStore|x86.ActiveCfg = Release|Any CPU
		{37CA1C17-F9A5-473E-98D1-C2753618B1FA}.AppStore|x86.Build.0 = Release|Any CPU
		{37CA1C17-F9A5-473E-98D1-C2753618B1FA}.Debug|Any CPU.ActiveCfg = Debug|Any CPU
		{37CA1C17-F9A5-473E-98D1-C2753618B1FA}.Debug|Any CPU.Build.0 = Debug|Any CPU
		{37CA1C17-F9A5-473E-98D1-C2753618B1FA}.Debug|ARM.ActiveCfg = Debug|Any CPU
		{37CA1C17-F9A5-473E-98D1-C2753618B1FA}.Debug|ARM.Build.0 = Debug|Any CPU
		{37CA1C17-F9A5-473E-98D1-C2753618B1FA}.Debug|iPhone.ActiveCfg = Debug|Any CPU
		{37CA1C17-F9A5-473E-98D1-C2753618B1FA}.Debug|iPhone.Build.0 = Debug|Any CPU
		{37CA1C17-F9A5-473E-98D1-C2753618B1FA}.Debug|iPhoneSimulator.ActiveCfg = Debug|Any CPU
		{37CA1C17-F9A5-473E-98D1-C2753618B1FA}.Debug|iPhoneSimulator.Build.0 = Debug|Any CPU
		{37CA1C17-F9A5-473E-98D1-C2753618B1FA}.Debug|x64.ActiveCfg = Debug|Any CPU
		{37CA1C17-F9A5-473E-98D1-C2753618B1FA}.Debug|x64.Build.0 = Debug|Any CPU
		{37CA1C17-F9A5-473E-98D1-C2753618B1FA}.Debug|x86.ActiveCfg = Debug|Any CPU
		{37CA1C17-F9A5-473E-98D1-C2753618B1FA}.Debug|x86.Build.0 = Debug|Any CPU
		{37CA1C17-F9A5-473E-98D1-C2753618B1FA}.Release|Any CPU.ActiveCfg = Release|Any CPU
		{37CA1C17-F9A5-473E-98D1-C2753618B1FA}.Release|Any CPU.Build.0 = Release|Any CPU
		{37CA1C17-F9A5-473E-98D1-C2753618B1FA}.Release|ARM.ActiveCfg = Release|Any CPU
		{37CA1C17-F9A5-473E-98D1-C2753618B1FA}.Release|ARM.Build.0 = Release|Any CPU
		{37CA1C17-F9A5-473E-98D1-C2753618B1FA}.Release|iPhone.ActiveCfg = Release|Any CPU
		{37CA1C17-F9A5-473E-98D1-C2753618B1FA}.Release|iPhone.Build.0 = Release|Any CPU
		{37CA1C17-F9A5-473E-98D1-C2753618B1FA}.Release|iPhoneSimulator.ActiveCfg = Release|Any CPU
		{37CA1C17-F9A5-473E-98D1-C2753618B1FA}.Release|iPhoneSimulator.Build.0 = Release|Any CPU
		{37CA1C17-F9A5-473E-98D1-C2753618B1FA}.Release|x64.ActiveCfg = Release|Any CPU
		{37CA1C17-F9A5-473E-98D1-C2753618B1FA}.Release|x64.Build.0 = Release|Any CPU
		{37CA1C17-F9A5-473E-98D1-C2753618B1FA}.Release|x86.ActiveCfg = Release|Any CPU
		{37CA1C17-F9A5-473E-98D1-C2753618B1FA}.Release|x86.Build.0 = Release|Any CPU
		{A2BA64BE-9C02-4C84-8E12-F230A17493EF}.Ad-Hoc|Any CPU.ActiveCfg = Release|x86
		{A2BA64BE-9C02-4C84-8E12-F230A17493EF}.Ad-Hoc|Any CPU.Build.0 = Release|x86
		{A2BA64BE-9C02-4C84-8E12-F230A17493EF}.Ad-Hoc|Any CPU.Deploy.0 = Release|x86
		{A2BA64BE-9C02-4C84-8E12-F230A17493EF}.Ad-Hoc|ARM.ActiveCfg = Release|ARM
		{A2BA64BE-9C02-4C84-8E12-F230A17493EF}.Ad-Hoc|ARM.Build.0 = Release|ARM
		{A2BA64BE-9C02-4C84-8E12-F230A17493EF}.Ad-Hoc|ARM.Deploy.0 = Release|ARM
		{A2BA64BE-9C02-4C84-8E12-F230A17493EF}.Ad-Hoc|iPhone.ActiveCfg = Release|x86
		{A2BA64BE-9C02-4C84-8E12-F230A17493EF}.Ad-Hoc|iPhone.Build.0 = Release|x86
		{A2BA64BE-9C02-4C84-8E12-F230A17493EF}.Ad-Hoc|iPhone.Deploy.0 = Release|x86
		{A2BA64BE-9C02-4C84-8E12-F230A17493EF}.Ad-Hoc|iPhoneSimulator.ActiveCfg = Release|x86
		{A2BA64BE-9C02-4C84-8E12-F230A17493EF}.Ad-Hoc|iPhoneSimulator.Build.0 = Release|x86
		{A2BA64BE-9C02-4C84-8E12-F230A17493EF}.Ad-Hoc|iPhoneSimulator.Deploy.0 = Release|x86
		{A2BA64BE-9C02-4C84-8E12-F230A17493EF}.Ad-Hoc|x64.ActiveCfg = Release|x64
		{A2BA64BE-9C02-4C84-8E12-F230A17493EF}.Ad-Hoc|x64.Build.0 = Release|x64
		{A2BA64BE-9C02-4C84-8E12-F230A17493EF}.Ad-Hoc|x64.Deploy.0 = Release|x64
		{A2BA64BE-9C02-4C84-8E12-F230A17493EF}.Ad-Hoc|x86.ActiveCfg = Release|x86
		{A2BA64BE-9C02-4C84-8E12-F230A17493EF}.Ad-Hoc|x86.Build.0 = Release|x86
		{A2BA64BE-9C02-4C84-8E12-F230A17493EF}.Ad-Hoc|x86.Deploy.0 = Release|x86
		{A2BA64BE-9C02-4C84-8E12-F230A17493EF}.AppStore|Any CPU.ActiveCfg = Release|x86
		{A2BA64BE-9C02-4C84-8E12-F230A17493EF}.AppStore|Any CPU.Build.0 = Release|x86
		{A2BA64BE-9C02-4C84-8E12-F230A17493EF}.AppStore|Any CPU.Deploy.0 = Release|x86
		{A2BA64BE-9C02-4C84-8E12-F230A17493EF}.AppStore|ARM.ActiveCfg = Release|ARM
		{A2BA64BE-9C02-4C84-8E12-F230A17493EF}.AppStore|ARM.Build.0 = Release|ARM
		{A2BA64BE-9C02-4C84-8E12-F230A17493EF}.AppStore|ARM.Deploy.0 = Release|ARM
		{A2BA64BE-9C02-4C84-8E12-F230A17493EF}.AppStore|iPhone.ActiveCfg = Release|x86
		{A2BA64BE-9C02-4C84-8E12-F230A17493EF}.AppStore|iPhone.Build.0 = Release|x86
		{A2BA64BE-9C02-4C84-8E12-F230A17493EF}.AppStore|iPhone.Deploy.0 = Release|x86
		{A2BA64BE-9C02-4C84-8E12-F230A17493EF}.AppStore|iPhoneSimulator.ActiveCfg = Release|x86
		{A2BA64BE-9C02-4C84-8E12-F230A17493EF}.AppStore|iPhoneSimulator.Build.0 = Release|x86
		{A2BA64BE-9C02-4C84-8E12-F230A17493EF}.AppStore|iPhoneSimulator.Deploy.0 = Release|x86
		{A2BA64BE-9C02-4C84-8E12-F230A17493EF}.AppStore|x64.ActiveCfg = Release|x64
		{A2BA64BE-9C02-4C84-8E12-F230A17493EF}.AppStore|x64.Build.0 = Release|x64
		{A2BA64BE-9C02-4C84-8E12-F230A17493EF}.AppStore|x64.Deploy.0 = Release|x64
		{A2BA64BE-9C02-4C84-8E12-F230A17493EF}.AppStore|x86.ActiveCfg = Release|x86
		{A2BA64BE-9C02-4C84-8E12-F230A17493EF}.AppStore|x86.Build.0 = Release|x86
		{A2BA64BE-9C02-4C84-8E12-F230A17493EF}.AppStore|x86.Deploy.0 = Release|x86
		{A2BA64BE-9C02-4C84-8E12-F230A17493EF}.Debug|Any CPU.ActiveCfg = Debug|x86
		{A2BA64BE-9C02-4C84-8E12-F230A17493EF}.Debug|Any CPU.Build.0 = Debug|x86
		{A2BA64BE-9C02-4C84-8E12-F230A17493EF}.Debug|Any CPU.Deploy.0 = Debug|x86
		{A2BA64BE-9C02-4C84-8E12-F230A17493EF}.Debug|ARM.ActiveCfg = Debug|ARM
		{A2BA64BE-9C02-4C84-8E12-F230A17493EF}.Debug|ARM.Build.0 = Debug|ARM
		{A2BA64BE-9C02-4C84-8E12-F230A17493EF}.Debug|ARM.Deploy.0 = Debug|ARM
		{A2BA64BE-9C02-4C84-8E12-F230A17493EF}.Debug|iPhone.ActiveCfg = Debug|x86
		{A2BA64BE-9C02-4C84-8E12-F230A17493EF}.Debug|iPhoneSimulator.ActiveCfg = Debug|x86
		{A2BA64BE-9C02-4C84-8E12-F230A17493EF}.Debug|x64.ActiveCfg = Debug|x64
		{A2BA64BE-9C02-4C84-8E12-F230A17493EF}.Debug|x64.Build.0 = Debug|x64
		{A2BA64BE-9C02-4C84-8E12-F230A17493EF}.Debug|x64.Deploy.0 = Debug|x64
		{A2BA64BE-9C02-4C84-8E12-F230A17493EF}.Debug|x86.ActiveCfg = Debug|x86
		{A2BA64BE-9C02-4C84-8E12-F230A17493EF}.Debug|x86.Build.0 = Debug|x86
		{A2BA64BE-9C02-4C84-8E12-F230A17493EF}.Debug|x86.Deploy.0 = Debug|x86
		{A2BA64BE-9C02-4C84-8E12-F230A17493EF}.Release|Any CPU.ActiveCfg = Release|x86
		{A2BA64BE-9C02-4C84-8E12-F230A17493EF}.Release|ARM.ActiveCfg = Release|ARM
		{A2BA64BE-9C02-4C84-8E12-F230A17493EF}.Release|ARM.Build.0 = Release|ARM
		{A2BA64BE-9C02-4C84-8E12-F230A17493EF}.Release|ARM.Deploy.0 = Release|ARM
		{A2BA64BE-9C02-4C84-8E12-F230A17493EF}.Release|iPhone.ActiveCfg = Release|x86
		{A2BA64BE-9C02-4C84-8E12-F230A17493EF}.Release|iPhoneSimulator.ActiveCfg = Release|x86
		{A2BA64BE-9C02-4C84-8E12-F230A17493EF}.Release|x64.ActiveCfg = Release|x64
		{A2BA64BE-9C02-4C84-8E12-F230A17493EF}.Release|x64.Build.0 = Release|x64
		{A2BA64BE-9C02-4C84-8E12-F230A17493EF}.Release|x64.Deploy.0 = Release|x64
		{A2BA64BE-9C02-4C84-8E12-F230A17493EF}.Release|x86.ActiveCfg = Release|x86
		{A2BA64BE-9C02-4C84-8E12-F230A17493EF}.Release|x86.Build.0 = Release|x86
		{A2BA64BE-9C02-4C84-8E12-F230A17493EF}.Release|x86.Deploy.0 = Release|x86
		{7C7160D5-B620-4C70-BA74-71D392B6C29C}.Ad-Hoc|Any CPU.ActiveCfg = Ad-Hoc|iPhone
		{7C7160D5-B620-4C70-BA74-71D392B6C29C}.Ad-Hoc|ARM.ActiveCfg = Ad-Hoc|iPhone
		{7C7160D5-B620-4C70-BA74-71D392B6C29C}.Ad-Hoc|iPhone.ActiveCfg = Ad-Hoc|iPhone
		{7C7160D5-B620-4C70-BA74-71D392B6C29C}.Ad-Hoc|iPhone.Build.0 = Ad-Hoc|iPhone
		{7C7160D5-B620-4C70-BA74-71D392B6C29C}.Ad-Hoc|iPhoneSimulator.ActiveCfg = Ad-Hoc|iPhoneSimulator
		{7C7160D5-B620-4C70-BA74-71D392B6C29C}.Ad-Hoc|iPhoneSimulator.Build.0 = Ad-Hoc|iPhoneSimulator
		{7C7160D5-B620-4C70-BA74-71D392B6C29C}.Ad-Hoc|x64.ActiveCfg = Ad-Hoc|iPhone
		{7C7160D5-B620-4C70-BA74-71D392B6C29C}.Ad-Hoc|x86.ActiveCfg = Ad-Hoc|iPhone
		{7C7160D5-B620-4C70-BA74-71D392B6C29C}.AppStore|Any CPU.ActiveCfg = AppStore|iPhone
		{7C7160D5-B620-4C70-BA74-71D392B6C29C}.AppStore|ARM.ActiveCfg = AppStore|iPhone
		{7C7160D5-B620-4C70-BA74-71D392B6C29C}.AppStore|iPhone.ActiveCfg = AppStore|iPhone
		{7C7160D5-B620-4C70-BA74-71D392B6C29C}.AppStore|iPhone.Build.0 = AppStore|iPhone
		{7C7160D5-B620-4C70-BA74-71D392B6C29C}.AppStore|iPhoneSimulator.ActiveCfg = AppStore|iPhoneSimulator
		{7C7160D5-B620-4C70-BA74-71D392B6C29C}.AppStore|iPhoneSimulator.Build.0 = AppStore|iPhoneSimulator
		{7C7160D5-B620-4C70-BA74-71D392B6C29C}.AppStore|x64.ActiveCfg = AppStore|iPhone
		{7C7160D5-B620-4C70-BA74-71D392B6C29C}.AppStore|x86.ActiveCfg = AppStore|iPhone
		{7C7160D5-B620-4C70-BA74-71D392B6C29C}.Debug|Any CPU.ActiveCfg = Debug|iPhone
		{7C7160D5-B620-4C70-BA74-71D392B6C29C}.Debug|ARM.ActiveCfg = Debug|iPhone
		{7C7160D5-B620-4C70-BA74-71D392B6C29C}.Debug|iPhone.ActiveCfg = Debug|iPhone
		{7C7160D5-B620-4C70-BA74-71D392B6C29C}.Debug|iPhone.Build.0 = Debug|iPhone
		{7C7160D5-B620-4C70-BA74-71D392B6C29C}.Debug|iPhoneSimulator.ActiveCfg = Debug|iPhoneSimulator
		{7C7160D5-B620-4C70-BA74-71D392B6C29C}.Debug|iPhoneSimulator.Build.0 = Debug|iPhoneSimulator
		{7C7160D5-B620-4C70-BA74-71D392B6C29C}.Debug|x64.ActiveCfg = Debug|iPhone
		{7C7160D5-B620-4C70-BA74-71D392B6C29C}.Debug|x86.ActiveCfg = Debug|iPhone
		{7C7160D5-B620-4C70-BA74-71D392B6C29C}.Release|Any CPU.ActiveCfg = Release|iPhone
		{7C7160D5-B620-4C70-BA74-71D392B6C29C}.Release|ARM.ActiveCfg = Release|iPhone
		{7C7160D5-B620-4C70-BA74-71D392B6C29C}.Release|iPhone.ActiveCfg = Release|iPhone
		{7C7160D5-B620-4C70-BA74-71D392B6C29C}.Release|iPhone.Build.0 = Release|iPhone
		{7C7160D5-B620-4C70-BA74-71D392B6C29C}.Release|iPhoneSimulator.ActiveCfg = Release|iPhoneSimulator
		{7C7160D5-B620-4C70-BA74-71D392B6C29C}.Release|iPhoneSimulator.Build.0 = Release|iPhoneSimulator
		{7C7160D5-B620-4C70-BA74-71D392B6C29C}.Release|x64.ActiveCfg = Release|iPhone
		{7C7160D5-B620-4C70-BA74-71D392B6C29C}.Release|x86.ActiveCfg = Release|iPhone
	EndGlobalSection
	GlobalSection(SolutionProperties) = preSolution
		HideSolutionNode = FALSE
	EndGlobalSection
EndGlobal
