
Microsoft Visual Studio Solution File, Format Version 12.00
# Visual Studio 15
VisualStudioVersion = 15.0.26403.0
MinimumVisualStudioVersion = 10.0.40219.1
Project("{D954291E-2A0B-460D-934E-DC6B0785DB48}") = "App1", "App1\App1\App1.shproj", "{FA49FAF1-0481-4CAD-BDF3-C5D520F45DBE}"
EndProject
Project("{FAE04EC0-301F-11D3-BF4B-00C04F79EFBC}") = "App1.Android", "App1\App1.Android\App1.Android.csproj", "{E4E8817A-9B52-4C45-88CB-8D5B69C55037}"
EndProject
Project("{FAE04EC0-301F-11D3-BF4B-00C04F79EFBC}") = "App1.iOS", "App1\App1.iOS\App1.iOS.csproj", "{070086F2-9E01-4A7F-BBF8-DC6F11A50FC0}"
EndProject
Project("{FAE04EC0-301F-11D3-BF4B-00C04F79EFBC}") = "App1.UWP", "App1\App1.UWP\App1.UWP.csproj", "{7318FE29-0FF8-436A-8D18-C94C9AEE41C3}"
EndProject
Global
	GlobalSection(SharedMSBuildProjectFiles) = preSolution
		App1\App1\App1.projitems*{070086f2-9e01-4a7f-bbf8-dc6f11a50fc0}*SharedItemsImports = 4
		App1\App1\App1.projitems*{e4e8817a-9b52-4c45-88cb-8d5b69c55037}*SharedItemsImports = 4
		App1\App1\App1.projitems*{fa49faf1-0481-4cad-bdf3-c5d520f45dbe}*SharedItemsImports = 13
	EndGlobalSection
	GlobalSection(SolutionConfigurationPlatforms) = preSolution
		Ad-Hoc|Any CPU = Ad-Hoc|Any CPU
		Ad-Hoc|ARM = Ad-Hoc|ARM
		Ad-Hoc|iPhone = Ad-Hoc|iPhone
		Ad-Hoc|iPhoneSimulator = Ad-Hoc|iPhoneSimulator
		Ad-Hoc|x64 = Ad-Hoc|x64
		Ad-Hoc|x86 = Ad-Hoc|x86
		AppStore|Any CPU = AppStore|Any CPU
		AppStore|ARM = AppStore|ARM
		AppStore|iPhone = AppStore|iPhone
		AppStore|iPhoneSimulator = AppStore|iPhoneSimulator
		AppStore|x64 = AppStore|x64
		AppStore|x86 = AppStore|x86
		Debug|Any CPU = Debug|Any CPU
		Debug|ARM = Debug|ARM
		Debug|iPhone = Debug|iPhone
		Debug|iPhoneSimulator = Debug|iPhoneSimulator
		Debug|x64 = Debug|x64
		Debug|x86 = Debug|x86
		Release|Any CPU = Release|Any CPU
		Release|ARM = Release|ARM
		Release|iPhone = Release|iPhone
		Release|iPhoneSimulator = Release|iPhoneSimulator
		Release|x64 = Release|x64
		Release|x86 = Release|x86
	EndGlobalSection
	GlobalSection(ProjectConfigurationPlatforms) = postSolution
		{E4E8817A-9B52-4C45-88CB-8D5B69C55037}.Ad-Hoc|Any CPU.ActiveCfg = Release|Any CPU
		{E4E8817A-9B52-4C45-88CB-8D5B69C55037}.Ad-Hoc|Any CPU.Build.0 = Release|Any CPU
		{E4E8817A-9B52-4C45-88CB-8D5B69C55037}.Ad-Hoc|Any CPU.Deploy.0 = Release|Any CPU
		{E4E8817A-9B52-4C45-88CB-8D5B69C55037}.Ad-Hoc|ARM.ActiveCfg = Release|Any CPU
		{E4E8817A-9B52-4C45-88CB-8D5B69C55037}.Ad-Hoc|ARM.Build.0 = Release|Any CPU
		{E4E8817A-9B52-4C45-88CB-8D5B69C55037}.Ad-Hoc|ARM.Deploy.0 = Release|Any CPU
		{E4E8817A-9B52-4C45-88CB-8D5B69C55037}.Ad-Hoc|iPhone.ActiveCfg = Release|Any CPU
		{E4E8817A-9B52-4C45-88CB-8D5B69C55037}.Ad-Hoc|iPhone.Build.0 = Release|Any CPU
		{E4E8817A-9B52-4C45-88CB-8D5B69C55037}.Ad-Hoc|iPhone.Deploy.0 = Release|Any CPU
		{E4E8817A-9B52-4C45-88CB-8D5B69C55037}.Ad-Hoc|iPhoneSimulator.ActiveCfg = Release|Any CPU
		{E4E8817A-9B52-4C45-88CB-8D5B69C55037}.Ad-Hoc|iPhoneSimulator.Build.0 = Release|Any CPU
		{E4E8817A-9B52-4C45-88CB-8D5B69C55037}.Ad-Hoc|iPhoneSimulator.Deploy.0 = Release|Any CPU
		{E4E8817A-9B52-4C45-88CB-8D5B69C55037}.Ad-Hoc|x64.ActiveCfg = Release|Any CPU
		{E4E8817A-9B52-4C45-88CB-8D5B69C55037}.Ad-Hoc|x64.Build.0 = Release|Any CPU
		{E4E8817A-9B52-4C45-88CB-8D5B69C55037}.Ad-Hoc|x64.Deploy.0 = Release|Any CPU
		{E4E8817A-9B52-4C45-88CB-8D5B69C55037}.Ad-Hoc|x86.ActiveCfg = Release|Any CPU
		{E4E8817A-9B52-4C45-88CB-8D5B69C55037}.Ad-Hoc|x86.Build.0 = Release|Any CPU
		{E4E8817A-9B52-4C45-88CB-8D5B69C55037}.Ad-Hoc|x86.Deploy.0 = Release|Any CPU
		{E4E8817A-9B52-4C45-88CB-8D5B69C55037}.AppStore|Any CPU.ActiveCfg = Release|Any CPU
		{E4E8817A-9B52-4C45-88CB-8D5B69C55037}.AppStore|Any CPU.Build.0 = Release|Any CPU
		{E4E8817A-9B52-4C45-88CB-8D5B69C55037}.AppStore|Any CPU.Deploy.0 = Release|Any CPU
		{E4E8817A-9B52-4C45-88CB-8D5B69C55037}.AppStore|ARM.ActiveCfg = Release|Any CPU
		{E4E8817A-9B52-4C45-88CB-8D5B69C55037}.AppStore|ARM.Build.0 = Release|Any CPU
		{E4E8817A-9B52-4C45-88CB-8D5B69C55037}.AppStore|ARM.Deploy.0 = Release|Any CPU
		{E4E8817A-9B52-4C45-88CB-8D5B69C55037}.AppStore|iPhone.ActiveCfg = Release|Any CPU
		{E4E8817A-9B52-4C45-88CB-8D5B69C55037}.AppStore|iPhone.Build.0 = Release|Any CPU
		{E4E8817A-9B52-4C45-88CB-8D5B69C55037}.AppStore|iPhone.Deploy.0 = Release|Any CPU
		{E4E8817A-9B52-4C45-88CB-8D5B69C55037}.AppStore|iPhoneSimulator.ActiveCfg = Release|Any CPU
		{E4E8817A-9B52-4C45-88CB-8D5B69C55037}.AppStore|iPhoneSimulator.Build.0 = Release|Any CPU
		{E4E8817A-9B52-4C45-88CB-8D5B69C55037}.AppStore|iPhoneSimulator.Deploy.0 = Release|Any CPU
		{E4E8817A-9B52-4C45-88CB-8D5B69C55037}.AppStore|x64.ActiveCfg = Release|Any CPU
		{E4E8817A-9B52-4C45-88CB-8D5B69C55037}.AppStore|x64.Build.0 = Release|Any CPU
		{E4E8817A-9B52-4C45-88CB-8D5B69C55037}.AppStore|x64.Deploy.0 = Release|Any CPU
		{E4E8817A-9B52-4C45-88CB-8D5B69C55037}.AppStore|x86.ActiveCfg = Release|Any CPU
		{E4E8817A-9B52-4C45-88CB-8D5B69C55037}.AppStore|x86.Build.0 = Release|Any CPU
		{E4E8817A-9B52-4C45-88CB-8D5B69C55037}.AppStore|x86.Deploy.0 = Release|Any CPU
		{E4E8817A-9B52-4C45-88CB-8D5B69C55037}.Debug|Any CPU.ActiveCfg = Debug|Any CPU
		{E4E8817A-9B52-4C45-88CB-8D5B69C55037}.Debug|Any CPU.Build.0 = Debug|Any CPU
		{E4E8817A-9B52-4C45-88CB-8D5B69C55037}.Debug|Any CPU.Deploy.0 = Debug|Any CPU
		{E4E8817A-9B52-4C45-88CB-8D5B69C55037}.Debug|ARM.ActiveCfg = Debug|Any CPU
		{E4E8817A-9B52-4C45-88CB-8D5B69C55037}.Debug|ARM.Build.0 = Debug|Any CPU
		{E4E8817A-9B52-4C45-88CB-8D5B69C55037}.Debug|ARM.Deploy.0 = Debug|Any CPU
		{E4E8817A-9B52-4C45-88CB-8D5B69C55037}.Debug|iPhone.ActiveCfg = Debug|Any CPU
		{E4E8817A-9B52-4C45-88CB-8D5B69C55037}.Debug|iPhone.Build.0 = Debug|Any CPU
		{E4E8817A-9B52-4C45-88CB-8D5B69C55037}.Debug|iPhone.Deploy.0 = Debug|Any CPU
		{E4E8817A-9B52-4C45-88CB-8D5B69C55037}.Debug|iPhoneSimulator.ActiveCfg = Debug|Any CPU
		{E4E8817A-9B52-4C45-88CB-8D5B69C55037}.Debug|iPhoneSimulator.Build.0 = Debug|Any CPU
		{E4E8817A-9B52-4C45-88CB-8D5B69C55037}.Debug|iPhoneSimulator.Deploy.0 = Debug|Any CPU
		{E4E8817A-9B52-4C45-88CB-8D5B69C55037}.Debug|x64.ActiveCfg = Debug|Any CPU
		{E4E8817A-9B52-4C45-88CB-8D5B69C55037}.Debug|x64.Build.0 = Debug|Any CPU
		{E4E8817A-9B52-4C45-88CB-8D5B69C55037}.Debug|x64.Deploy.0 = Debug|Any CPU
		{E4E8817A-9B52-4C45-88CB-8D5B69C55037}.Debug|x86.ActiveCfg = Debug|Any CPU
		{E4E8817A-9B52-4C45-88CB-8D5B69C55037}.Debug|x86.Build.0 = Debug|Any CPU
		{E4E8817A-9B52-4C45-88CB-8D5B69C55037}.Debug|x86.Deploy.0 = Debug|Any CPU
		{E4E8817A-9B52-4C45-88CB-8D5B69C55037}.Release|Any CPU.ActiveCfg = Release|Any CPU
		{E4E8817A-9B52-4C45-88CB-8D5B69C55037}.Release|Any CPU.Build.0 = Release|Any CPU
		{E4E8817A-9B52-4C45-88CB-8D5B69C55037}.Release|Any CPU.Deploy.0 = Release|Any CPU
		{E4E8817A-9B52-4C45-88CB-8D5B69C55037}.Release|ARM.ActiveCfg = Release|Any CPU
		{E4E8817A-9B52-4C45-88CB-8D5B69C55037}.Release|ARM.Build.0 = Release|Any CPU
		{E4E8817A-9B52-4C45-88CB-8D5B69C55037}.Release|ARM.Deploy.0 = Release|Any CPU
		{E4E8817A-9B52-4C45-88CB-8D5B69C55037}.Release|iPhone.ActiveCfg = Release|Any CPU
		{E4E8817A-9B52-4C45-88CB-8D5B69C55037}.Release|iPhone.Build.0 = Release|Any CPU
		{E4E8817A-9B52-4C45-88CB-8D5B69C55037}.Release|iPhone.Deploy.0 = Release|Any CPU
		{E4E8817A-9B52-4C45-88CB-8D5B69C55037}.Release|iPhoneSimulator.ActiveCfg = Release|Any CPU
		{E4E8817A-9B52-4C45-88CB-8D5B69C55037}.Release|iPhoneSimulator.Build.0 = Release|Any CPU
		{E4E8817A-9B52-4C45-88CB-8D5B69C55037}.Release|iPhoneSimulator.Deploy.0 = Release|Any CPU
		{E4E8817A-9B52-4C45-88CB-8D5B69C55037}.Release|x64.ActiveCfg = Release|Any CPU
		{E4E8817A-9B52-4C45-88CB-8D5B69C55037}.Release|x64.Build.0 = Release|Any CPU
		{E4E8817A-9B52-4C45-88CB-8D5B69C55037}.Release|x64.Deploy.0 = Release|Any CPU
		{E4E8817A-9B52-4C45-88CB-8D5B69C55037}.Release|x86.ActiveCfg = Release|Any CPU
		{E4E8817A-9B52-4C45-88CB-8D5B69C55037}.Release|x86.Build.0 = Release|Any CPU
		{E4E8817A-9B52-4C45-88CB-8D5B69C55037}.Release|x86.Deploy.0 = Release|Any CPU
		{070086F2-9E01-4A7F-BBF8-DC6F11A50FC0}.Ad-Hoc|Any CPU.ActiveCfg = Ad-Hoc|iPhone
		{070086F2-9E01-4A7F-BBF8-DC6F11A50FC0}.Ad-Hoc|ARM.ActiveCfg = Ad-Hoc|iPhone
		{070086F2-9E01-4A7F-BBF8-DC6F11A50FC0}.Ad-Hoc|iPhone.ActiveCfg = Ad-Hoc|iPhone
		{070086F2-9E01-4A7F-BBF8-DC6F11A50FC0}.Ad-Hoc|iPhone.Build.0 = Ad-Hoc|iPhone
		{070086F2-9E01-4A7F-BBF8-DC6F11A50FC0}.Ad-Hoc|iPhoneSimulator.ActiveCfg = Ad-Hoc|iPhoneSimulator
		{070086F2-9E01-4A7F-BBF8-DC6F11A50FC0}.Ad-Hoc|iPhoneSimulator.Build.0 = Ad-Hoc|iPhoneSimulator
		{070086F2-9E01-4A7F-BBF8-DC6F11A50FC0}.Ad-Hoc|x64.ActiveCfg = Ad-Hoc|iPhone
		{070086F2-9E01-4A7F-BBF8-DC6F11A50FC0}.Ad-Hoc|x86.ActiveCfg = Ad-Hoc|iPhone
		{070086F2-9E01-4A7F-BBF8-DC6F11A50FC0}.AppStore|Any CPU.ActiveCfg = AppStore|iPhone
		{070086F2-9E01-4A7F-BBF8-DC6F11A50FC0}.AppStore|ARM.ActiveCfg = AppStore|iPhone
		{070086F2-9E01-4A7F-BBF8-DC6F11A50FC0}.AppStore|iPhone.ActiveCfg = AppStore|iPhone
		{070086F2-9E01-4A7F-BBF8-DC6F11A50FC0}.AppStore|iPhone.Build.0 = AppStore|iPhone
		{070086F2-9E01-4A7F-BBF8-DC6F11A50FC0}.AppStore|iPhoneSimulator.ActiveCfg = AppStore|iPhoneSimulator
		{070086F2-9E01-4A7F-BBF8-DC6F11A50FC0}.AppStore|iPhoneSimulator.Build.0 = AppStore|iPhoneSimulator
		{070086F2-9E01-4A7F-BBF8-DC6F11A50FC0}.AppStore|x64.ActiveCfg = AppStore|iPhone
		{070086F2-9E01-4A7F-BBF8-DC6F11A50FC0}.AppStore|x86.ActiveCfg = AppStore|iPhone
		{070086F2-9E01-4A7F-BBF8-DC6F11A50FC0}.Debug|Any CPU.ActiveCfg = Debug|iPhone
		{070086F2-9E01-4A7F-BBF8-DC6F11A50FC0}.Debug|ARM.ActiveCfg = Debug|iPhone
		{070086F2-9E01-4A7F-BBF8-DC6F11A50FC0}.Debug|iPhone.ActiveCfg = Debug|iPhone
		{070086F2-9E01-4A7F-BBF8-DC6F11A50FC0}.Debug|iPhone.Build.0 = Debug|iPhone
		{070086F2-9E01-4A7F-BBF8-DC6F11A50FC0}.Debug|iPhoneSimulator.ActiveCfg = Debug|iPhoneSimulator
		{070086F2-9E01-4A7F-BBF8-DC6F11A50FC0}.Debug|iPhoneSimulator.Build.0 = Debug|iPhoneSimulator
		{070086F2-9E01-4A7F-BBF8-DC6F11A50FC0}.Debug|x64.ActiveCfg = Debug|iPhone
		{070086F2-9E01-4A7F-BBF8-DC6F11A50FC0}.Debug|x86.ActiveCfg = Debug|iPhone
		{070086F2-9E01-4A7F-BBF8-DC6F11A50FC0}.Release|Any CPU.ActiveCfg = Release|iPhone
		{070086F2-9E01-4A7F-BBF8-DC6F11A50FC0}.Release|ARM.ActiveCfg = Release|iPhone
		{070086F2-9E01-4A7F-BBF8-DC6F11A50FC0}.Release|iPhone.ActiveCfg = Release|iPhone
		{070086F2-9E01-4A7F-BBF8-DC6F11A50FC0}.Release|iPhone.Build.0 = Release|iPhone
		{070086F2-9E01-4A7F-BBF8-DC6F11A50FC0}.Release|iPhoneSimulator.ActiveCfg = Release|iPhoneSimulator
		{070086F2-9E01-4A7F-BBF8-DC6F11A50FC0}.Release|iPhoneSimulator.Build.0 = Release|iPhoneSimulator
		{070086F2-9E01-4A7F-BBF8-DC6F11A50FC0}.Release|x64.ActiveCfg = Release|iPhone
		{070086F2-9E01-4A7F-BBF8-DC6F11A50FC0}.Release|x86.ActiveCfg = Release|iPhone
		{7318FE29-0FF8-436A-8D18-C94C9AEE41C3}.Ad-Hoc|Any CPU.ActiveCfg = Release|x86
		{7318FE29-0FF8-436A-8D18-C94C9AEE41C3}.Ad-Hoc|Any CPU.Build.0 = Release|x86
		{7318FE29-0FF8-436A-8D18-C94C9AEE41C3}.Ad-Hoc|Any CPU.Deploy.0 = Release|x86
		{7318FE29-0FF8-436A-8D18-C94C9AEE41C3}.Ad-Hoc|ARM.ActiveCfg = Release|ARM
		{7318FE29-0FF8-436A-8D18-C94C9AEE41C3}.Ad-Hoc|ARM.Build.0 = Release|ARM
		{7318FE29-0FF8-436A-8D18-C94C9AEE41C3}.Ad-Hoc|ARM.Deploy.0 = Release|ARM
		{7318FE29-0FF8-436A-8D18-C94C9AEE41C3}.Ad-Hoc|iPhone.ActiveCfg = Release|x86
		{7318FE29-0FF8-436A-8D18-C94C9AEE41C3}.Ad-Hoc|iPhone.Build.0 = Release|x86
		{7318FE29-0FF8-436A-8D18-C94C9AEE41C3}.Ad-Hoc|iPhone.Deploy.0 = Release|x86
		{7318FE29-0FF8-436A-8D18-C94C9AEE41C3}.Ad-Hoc|iPhoneSimulator.ActiveCfg = Release|x86
		{7318FE29-0FF8-436A-8D18-C94C9AEE41C3}.Ad-Hoc|iPhoneSimulator.Build.0 = Release|x86
		{7318FE29-0FF8-436A-8D18-C94C9AEE41C3}.Ad-Hoc|iPhoneSimulator.Deploy.0 = Release|x86
		{7318FE29-0FF8-436A-8D18-C94C9AEE41C3}.Ad-Hoc|x64.ActiveCfg = Release|x64
		{7318FE29-0FF8-436A-8D18-C94C9AEE41C3}.Ad-Hoc|x64.Build.0 = Release|x64
		{7318FE29-0FF8-436A-8D18-C94C9AEE41C3}.Ad-Hoc|x64.Deploy.0 = Release|x64
		{7318FE29-0FF8-436A-8D18-C94C9AEE41C3}.Ad-Hoc|x86.ActiveCfg = Release|x86
		{7318FE29-0FF8-436A-8D18-C94C9AEE41C3}.Ad-Hoc|x86.Build.0 = Release|x86
		{7318FE29-0FF8-436A-8D18-C94C9AEE41C3}.Ad-Hoc|x86.Deploy.0 = Release|x86
		{7318FE29-0FF8-436A-8D18-C94C9AEE41C3}.AppStore|Any CPU.ActiveCfg = Release|x86
		{7318FE29-0FF8-436A-8D18-C94C9AEE41C3}.AppStore|Any CPU.Build.0 = Release|x86
		{7318FE29-0FF8-436A-8D18-C94C9AEE41C3}.AppStore|Any CPU.Deploy.0 = Release|x86
		{7318FE29-0FF8-436A-8D18-C94C9AEE41C3}.AppStore|ARM.ActiveCfg = Release|ARM
		{7318FE29-0FF8-436A-8D18-C94C9AEE41C3}.AppStore|ARM.Build.0 = Release|ARM
		{7318FE29-0FF8-436A-8D18-C94C9AEE41C3}.AppStore|ARM.Deploy.0 = Release|ARM
		{7318FE29-0FF8-436A-8D18-C94C9AEE41C3}.AppStore|iPhone.ActiveCfg = Release|x86
		{7318FE29-0FF8-436A-8D18-C94C9AEE41C3}.AppStore|iPhone.Build.0 = Release|x86
		{7318FE29-0FF8-436A-8D18-C94C9AEE41C3}.AppStore|iPhone.Deploy.0 = Release|x86
		{7318FE29-0FF8-436A-8D18-C94C9AEE41C3}.AppStore|iPhoneSimulator.ActiveCfg = Release|x86
		{7318FE29-0FF8-436A-8D18-C94C9AEE41C3}.AppStore|iPhoneSimulator.Build.0 = Release|x86
		{7318FE29-0FF8-436A-8D18-C94C9AEE41C3}.AppStore|iPhoneSimulator.Deploy.0 = Release|x86
		{7318FE29-0FF8-436A-8D18-C94C9AEE41C3}.AppStore|x64.ActiveCfg = Release|x64
		{7318FE29-0FF8-436A-8D18-C94C9AEE41C3}.AppStore|x64.Build.0 = Release|x64
		{7318FE29-0FF8-436A-8D18-C94C9AEE41C3}.AppStore|x64.Deploy.0 = Release|x64
		{7318FE29-0FF8-436A-8D18-C94C9AEE41C3}.AppStore|x86.ActiveCfg = Release|x86
		{7318FE29-0FF8-436A-8D18-C94C9AEE41C3}.AppStore|x86.Build.0 = Release|x86
		{7318FE29-0FF8-436A-8D18-C94C9AEE41C3}.AppStore|x86.Deploy.0 = Release|x86
		{7318FE29-0FF8-436A-8D18-C94C9AEE41C3}.Debug|Any CPU.ActiveCfg = Debug|x86
		{7318FE29-0FF8-436A-8D18-C94C9AEE41C3}.Debug|ARM.ActiveCfg = Debug|ARM
		{7318FE29-0FF8-436A-8D18-C94C9AEE41C3}.Debug|ARM.Build.0 = Debug|ARM
		{7318FE29-0FF8-436A-8D18-C94C9AEE41C3}.Debug|ARM.Deploy.0 = Debug|ARM
		{7318FE29-0FF8-436A-8D18-C94C9AEE41C3}.Debug|iPhone.ActiveCfg = Debug|x86
		{7318FE29-0FF8-436A-8D18-C94C9AEE41C3}.Debug|iPhoneSimulator.ActiveCfg = Debug|x86
		{7318FE29-0FF8-436A-8D18-C94C9AEE41C3}.Debug|x64.ActiveCfg = Debug|x64
		{7318FE29-0FF8-436A-8D18-C94C9AEE41C3}.Debug|x64.Build.0 = Debug|x64
		{7318FE29-0FF8-436A-8D18-C94C9AEE41C3}.Debug|x64.Deploy.0 = Debug|x64
		{7318FE29-0FF8-436A-8D18-C94C9AEE41C3}.Debug|x86.ActiveCfg = Debug|x86
		{7318FE29-0FF8-436A-8D18-C94C9AEE41C3}.Debug|x86.Build.0 = Debug|x86
		{7318FE29-0FF8-436A-8D18-C94C9AEE41C3}.Debug|x86.Deploy.0 = Debug|x86
		{7318FE29-0FF8-436A-8D18-C94C9AEE41C3}.Release|Any CPU.ActiveCfg = Release|x86
		{7318FE29-0FF8-436A-8D18-C94C9AEE41C3}.Release|ARM.ActiveCfg = Release|ARM
		{7318FE29-0FF8-436A-8D18-C94C9AEE41C3}.Release|ARM.Build.0 = Release|ARM
		{7318FE29-0FF8-436A-8D18-C94C9AEE41C3}.Release|ARM.Deploy.0 = Release|ARM
		{7318FE29-0FF8-436A-8D18-C94C9AEE41C3}.Release|iPhone.ActiveCfg = Release|x86
		{7318FE29-0FF8-436A-8D18-C94C9AEE41C3}.Release|iPhoneSimulator.ActiveCfg = Release|x86
		{7318FE29-0FF8-436A-8D18-C94C9AEE41C3}.Release|x64.ActiveCfg = Release|x64
		{7318FE29-0FF8-436A-8D18-C94C9AEE41C3}.Release|x64.Build.0 = Release|x64
		{7318FE29-0FF8-436A-8D18-C94C9AEE41C3}.Release|x64.Deploy.0 = Release|x64
		{7318FE29-0FF8-436A-8D18-C94C9AEE41C3}.Release|x86.ActiveCfg = Release|x86
		{7318FE29-0FF8-436A-8D18-C94C9AEE41C3}.Release|x86.Build.0 = Release|x86
		{7318FE29-0FF8-436A-8D18-C94C9AEE41C3}.Release|x86.Deploy.0 = Release|x86
	EndGlobalSection
	GlobalSection(SolutionProperties) = preSolution
		HideSolutionNode = FALSE
	EndGlobalSection
EndGlobal
